
Microsoft Visual Studio Solution File, Format Version 12.00
# Visual Studio Version 17
VisualStudioVersion = 17.8.34309.116
MinimumVisualStudioVersion = 10.0.40219.1
Project("{FAE04EC0-301F-11D3-BF4B-00C04F79EFBC}") = "GroomWF", "GroomWF\GroomWF.csproj", "{0C841DDC-92B3-48F1-B48D-101FAF75699F}"
EndProject
Global
	GlobalSection(SolutionConfigurationPlatforms) = preSolution
		Debug|Any CPU = Debug|Any CPU
		Release|Any CPU = Release|Any CPU
	EndGlobalSection
	GlobalSection(ProjectConfigurationPlatforms) = postSolution
		{0C841DDC-92B3-48F1-B48D-101FAF75699F}.Debug|Any CPU.ActiveCfg = Debug|Any CPU
		{0C841DDC-92B3-48F1-B48D-101FAF75699F}.Debug|Any CPU.Build.0 = Debug|Any CPU
		{0C841DDC-92B3-48F1-B48D-101FAF75699F}.Release|Any CPU.ActiveCfg = Release|Any CPU
		{0C841DDC-92B3-48F1-B48D-101FAF75699F}.Release|Any CPU.Build.0 = Release|Any CPU
	EndGlobalSection
	GlobalSection(SolutionProperties) = preSolution
		HideSolutionNode = FALSE
	EndGlobalSection
	GlobalSection(ExtensibilityGlobals) = postSolution
		SolutionGuid = {F14F78CC-E90D-4996-9197-CDCC00BA8B4C}
	EndGlobalSection
EndGlobal
